
Microsoft Visual Studio Solution File, Format Version 12.00
# Visual Studio Version 17
VisualStudioVersion = 17.10.34928.147
MinimumVisualStudioVersion = 10.0.40219.1
Project("{FAE04EC0-301F-11D3-BF4B-00C04F79EFBC}") = "FileDeleteFunc", "FileDeleteFunc.csproj", "{A5266510-B4BE-4984-9FC7-F65329A3F71B}"
EndProject
Global
	GlobalSection(SolutionConfigurationPlatforms) = preSolution
		Debug|Any CPU = Debug|Any CPU
		Release|Any CPU = Release|Any CPU
	EndGlobalSection
	GlobalSection(ProjectConfigurationPlatforms) = postSolution
		{A5266510-B4BE-4984-9FC7-F65329A3F71B}.Debug|Any CPU.ActiveCfg = Debug|Any CPU
		{A5266510-B4BE-4984-9FC7-F65329A3F71B}.Debug|Any CPU.Build.0 = Debug|Any CPU
		{A5266510-B4BE-4984-9FC7-F65329A3F71B}.Release|Any CPU.ActiveCfg = Release|Any CPU
		{A5266510-B4BE-4984-9FC7-F65329A3F71B}.Release|Any CPU.Build.0 = Release|Any CPU
	EndGlobalSection
	GlobalSection(SolutionProperties) = preSolution
		HideSolutionNode = FALSE
	EndGlobalSection
	GlobalSection(ExtensibilityGlobals) = postSolution
		SolutionGuid = {F7ACC1D9-7871-4B0B-A590-A98FB92FB2C3}
	EndGlobalSection
EndGlobal
